PODS:
  - QBImagePickerController (3.4.0)
  - React (0.50.4):
    - React/Core (= 0.50.4)
  - React/Core (0.50.4):
    - yoga (= 0.50.4.React)
  - React/fishhook (0.50.4)
  - React/RCTActionSheet (0.50.4):
    - React/Core
  - React/RCTAnimation (0.50.4):
    - React/Core
  - React/RCTBlob (0.50.4):
    - React/Core
  - React/RCTGeolocation (0.50.4):
    - React/Core
  - React/RCTImage (0.50.4):
    - React/Core
    - React/RCTNetwork
  - React/RCTLinkingIOS (0.50.4):
    - React/Core
  - React/RCTNetwork (0.50.4):
    - React/Core
  - React/RCTSettings (0.50.4):
    - React/Core
  - React/RCTText (0.50.4):
    - React/Core
  - React/RCTVibration (0.50.4):
    - React/Core
  - React/RCTWebSocket (0.50.4):
    - React/Core
    - React/fishhook
    - React/RCTBlob
  - RNFS (2.9.11):
    - React
  - RNImageCropPicker (0.20.0):
    - QBImagePickerController
    - RSKImageCropper
  - RSKImageCropper (2.0.0)
  - yoga (0.50.4.React)

DEPENDENCIES:
  - React/Core (from `../node_modules/react-native`)
  - React/RCTActionSheet (from `../node_modules/react-native`)
  - React/RCTAnimation (from `../node_modules/react-native`)
  - React/RCTGeolocation (from `../node_modules/react-native`)
  - React/RCTImage (from `../node_modules/react-native`)
  - React/RCTLinkingIOS (from `../node_modules/react-native`)
  - React/RCTNetwork (from `../node_modules/react-native`)
  - React/RCTSettings (from `../node_modules/react-native`)
  - React/RCTText (from `../node_modules/react-native`)
  - React/RCTVibration (from `../node_modules/react-native`)
  - React/RCTWebSocket (from `../node_modules/react-native`)
  - RNFS (from `../node_modules/react-native-fs`)
  - RNImageCropPicker (from `../node_modules/react-native-image-crop-picker`)
  - yoga (from `../node_modules/react-native/ReactCommon/yoga/yoga.podspec`)

EXTERNAL SOURCES:
  React:
    :path: ../node_modules/react-native
  RNFS:
    :path: ../node_modules/react-native-fs
  RNImageCropPicker:
    :path: ../node_modules/react-native-image-crop-picker
  yoga:
    :path: ../node_modules/react-native/ReactCommon/yoga/yoga.podspec

SPEC CHECKSUMS:
  QBImagePickerController: d54cf93db6decf26baf6ed3472f336ef35cae022
  React: 541ba768b9855e10cdc76f55427a5cd0653ca806
  RNFS: bbb1a64eb245763daf34aea86f97c97c4e85f74c
  RNImageCropPicker: a637beb8f4c76bf9fe8a89d404ad65a33c4215ac
  RSKImageCropper: d9a1acbc0600bf8decc8f0d21895872c99a9e4cf
  yoga: 17521bbb0dd54a47c0b3ac43253e78cdac7488e0

PODFILE CHECKSUM: 9dc20dbde933af16eb7c54aee29402d6fa76a69a

COCOAPODS: 1.4.0
